
Microsoft Visual Studio Solution File, Format Version 12.00
# Visual Studio Version 17
VisualStudioVersion = 17.10.35122.118
MinimumVisualStudioVersion = 10.0.40219.1
Project("{FAE04EC0-301F-11D3-BF4B-00C04F79EFBC}") = "PCalc", "PCalc\PCalc.csproj", "{C1041C42-E52A-4950-90D4-EDCE9276A19A}"
EndProject
Global
	GlobalSection(SolutionConfigurationPlatforms) = preSolution
		Debug|Any CPU = Debug|Any CPU
		Release|Any CPU = Release|Any CPU
	EndGlobalSection
	GlobalSection(ProjectConfigurationPlatforms) = postSolution
		{C1041C42-E52A-4950-90D4-EDCE9276A19A}.Debug|Any CPU.ActiveCfg = Debug|Any CPU
		{C1041C42-E52A-4950-90D4-EDCE9276A19A}.Debug|Any CPU.Build.0 = Debug|Any CPU
		{C1041C42-E52A-4950-90D4-EDCE9276A19A}.Release|Any CPU.ActiveCfg = Release|Any CPU
		{C1041C42-E52A-4950-90D4-EDCE9276A19A}.Release|Any CPU.Build.0 = Release|Any CPU
	EndGlobalSection
	GlobalSection(SolutionProperties) = preSolution
		HideSolutionNode = FALSE
	EndGlobalSection
	GlobalSection(ExtensibilityGlobals) = postSolution
		SolutionGuid = {03C2CFDD-F813-4B36-89BE-16DDD3057754}
	EndGlobalSection
EndGlobal
